
Microsoft Visual Studio Solution File, Format Version 12.00
# Visual Studio 15
VisualStudioVersion = 15.0.28010.2016
MinimumVisualStudioVersion = 10.0.40219.1
Project("{FAE04EC0-301F-11D3-BF4B-00C04F79EFBC}") = "SuperCrop", "SuperCrop\SuperCrop.csproj", "{BC7A2CFA-BB1F-4D8D-9167-9E9EC0B33521}"
EndProject
Global
	GlobalSection(SolutionConfigurationPlatforms) = preSolution
		Debug|Any CPU = Debug|Any CPU
		Release|Any CPU = Release|Any CPU
	EndGlobalSection
	GlobalSection(ProjectConfigurationPlatforms) = postSolution
		{BC7A2CFA-BB1F-4D8D-9167-9E9EC0B33521}.Debug|Any CPU.ActiveCfg = Debug|Any CPU
		{BC7A2CFA-BB1F-4D8D-9167-9E9EC0B33521}.Debug|Any CPU.Build.0 = Debug|Any CPU
		{BC7A2CFA-BB1F-4D8D-9167-9E9EC0B33521}.Release|Any CPU.ActiveCfg = Release|Any CPU
		{BC7A2CFA-BB1F-4D8D-9167-9E9EC0B33521}.Release|Any CPU.Build.0 = Release|Any CPU
	EndGlobalSection
	GlobalSection(SolutionProperties) = preSolution
		HideSolutionNode = FALSE
	EndGlobalSection
	GlobalSection(ExtensibilityGlobals) = postSolution
		SolutionGuid = {014D7312-E325-45D7-884B-28F5A84B6445}
	EndGlobalSection
EndGlobal
